PODS:
  - Capacitor (6.2.0):
    - CapacitorCordova
  - CapacitorApp (6.0.1):
    - Capacitor
  - CapacitorBrowser (6.0.4):
    - Capacitor
  - CapacitorCommunitySqlite (6.0.2):
    - Capacitor
    - SQLCipher
    - ZIPFoundation
  - CapacitorCordova (6.2.0)
  - CapacitorDevice (6.0.2):
    - Capacitor
  - CapacitorFilesystem (6.0.2):
    - Capacitor
  - CapacitorHaptics (6.0.1):
    - Capacitor
  - CapacitorKeyboard (6.0.3):
    - Capacitor
  - CapacitorNetwork (6.0.3):
    - Capacitor
  - CapacitorScreenOrientation (6.0.3):
    - Capacitor
  - CapacitorSplashScreen (6.0.3):
    - Capacitor
  - CapacitorStatusBar (6.0.2):
    - Capacitor
  - SQLCipher (4.6.1):
    - SQLCipher/standard (= 4.6.1)
  - SQLCipher/common (4.6.1)
  - SQLCipher/standard (4.6.1):
    - SQLCipher/common
  - ZIPFoundation (0.9.19)

DEPENDENCIES:
  - "Capacitor (from `../../node_modules/@capacitor/ios`)"
  - "CapacitorApp (from `../../node_modules/@capacitor/app`)"
  - "CapacitorBrowser (from `../../node_modules/@capacitor/browser`)"
  - "CapacitorCommunitySqlite (from `../../node_modules/@capacitor-community/sqlite`)"
  - "CapacitorCordova (from `../../node_modules/@capacitor/ios`)"
  - "CapacitorDevice (from `../../node_modules/@capacitor/device`)"
  - "CapacitorFilesystem (from `../../node_modules/@capacitor/filesystem`)"
  - "CapacitorHaptics (from `../../node_modules/@capacitor/haptics`)"
  - "CapacitorKeyboard (from `../../node_modules/@capacitor/keyboard`)"
  - "CapacitorNetwork (from `../../node_modules/@capacitor/network`)"
  - "CapacitorScreenOrientation (from `../../node_modules/@capacitor/screen-orientation`)"
  - "CapacitorSplashScreen (from `../../node_modules/@capacitor/splash-screen`)"
  - "CapacitorStatusBar (from `../../node_modules/@capacitor/status-bar`)"

SPEC REPOS:
  trunk:
    - SQLCipher
    - ZIPFoundation

EXTERNAL SOURCES:
  Capacitor:
    :path: "../../node_modules/@capacitor/ios"
  CapacitorApp:
    :path: "../../node_modules/@capacitor/app"
  CapacitorBrowser:
    :path: "../../node_modules/@capacitor/browser"
  CapacitorCommunitySqlite:
    :path: "../../node_modules/@capacitor-community/sqlite"
  CapacitorCordova:
    :path: "../../node_modules/@capacitor/ios"
  CapacitorDevice:
    :path: "../../node_modules/@capacitor/device"
  CapacitorFilesystem:
    :path: "../../node_modules/@capacitor/filesystem"
  CapacitorHaptics:
    :path: "../../node_modules/@capacitor/haptics"
  CapacitorKeyboard:
    :path: "../../node_modules/@capacitor/keyboard"
  CapacitorNetwork:
    :path: "../../node_modules/@capacitor/network"
  CapacitorScreenOrientation:
    :path: "../../node_modules/@capacitor/screen-orientation"
  CapacitorSplashScreen:
    :path: "../../node_modules/@capacitor/splash-screen"
  CapacitorStatusBar:
    :path: "../../node_modules/@capacitor/status-bar"

SPEC CHECKSUMS:
  Capacitor: 1f3c7b9802d958cd8c4eb63895fff85dff2e1eea
  CapacitorApp: 8b6de3ffd103b5868f3faf5bdd73759491dc6d17
  CapacitorBrowser: 24e89f81aaf638d2eda83865f2f9541f12dc0420
  CapacitorCommunitySqlite: d77d12ff2fc966ff54ae921e0a01c8cd6745ca67
  CapacitorCordova: b33e7f4aa4ed105dd43283acdd940964374a87d9
  CapacitorDevice: a6466afef61d574402c18315ce62334afc61db3d
  CapacitorFilesystem: 925840c989350d0c09742022cb6203f74d3cfaad
  CapacitorHaptics: 28bf1b44d4ab655c9d2c4c6f6b2167514b5f817a
  CapacitorKeyboard: ac356024d4b1423e3e8659d66e619149b883ba45
  CapacitorNetwork: 674bd2a4913bf1e21dcfa406b2dc734f7e0a9df9
  CapacitorScreenOrientation: 077588cbe959b18b496a8029ce81bcc6be54eeae
  CapacitorSplashScreen: 6a981d82a03b0f8653e0ee1d26abd0446c77b623
  CapacitorStatusBar: fc78b3c31be4a3ca916adc820e7b5faaab157062
  SQLCipher: 77fbe633cd84db04b07876dd50766b4924b57d61
  ZIPFoundation: b8c29ea7ae353b309bc810586181fd073cb3312c

PODFILE CHECKSUM: 530cb46f645770b072359b1e86363f123ff6639a

COCOAPODS: 1.16.2
